
Microsoft Visual Studio Solution File, Format Version 12.00
# Visual Studio Version 16
VisualStudioVersion = 16.0.30413.136
MinimumVisualStudioVersion = 10.0.40219.1
Project("{9A19103F-16F7-4668-BE54-9A1E7A4F7556}") = "autoplaysharp.Contracts", "Contracts\autoplaysharp.Contracts.csproj", "{50DED78F-8357-493E-ABC4-835D9D937B84}"
EndProject
Project("{9A19103F-16F7-4668-BE54-9A1E7A4F7556}") = "autoplaysharp.Core", "Core\autoplaysharp.Core.csproj", "{78EF46AC-9A41-4A71-A830-2169708F11A1}"
EndProject
Project("{9A19103F-16F7-4668-BE54-9A1E7A4F7556}") = "autoplaysharp.Build", "Build\autoplaysharp.Build.csproj", "{61E3533C-7AC3-4335-BD31-5F460A7C21A4}"
EndProject
Project("{9A19103F-16F7-4668-BE54-9A1E7A4F7556}") = "autoplaysharp.App", "App.Wpf\autoplaysharp.App.csproj", "{7E15FB88-4ABC-47A7-BBAD-9559DD24BB0F}"
EndProject
Project("{9A19103F-16F7-4668-BE54-9A1E7A4F7556}") = "autoplaysharp.Overlay", "Overlay\autoplaysharp.Overlay.csproj", "{F5823677-B0CA-4CBA-924F-D665C3F5690D}"
EndProject
Global
	GlobalSection(SolutionConfigurationPlatforms) = preSolution
		Debug|Any CPU = Debug|Any CPU
		Release|Any CPU = Release|Any CPU
	EndGlobalSection
	GlobalSection(ProjectConfigurationPlatforms) = postSolution
		{50DED78F-8357-493E-ABC4-835D9D937B84}.Debug|Any CPU.ActiveCfg = Debug|Any CPU
		{50DED78F-8357-493E-ABC4-835D9D937B84}.Debug|Any CPU.Build.0 = Debug|Any CPU
		{50DED78F-8357-493E-ABC4-835D9D937B84}.Release|Any CPU.ActiveCfg = Release|Any CPU
		{50DED78F-8357-493E-ABC4-835D9D937B84}.Release|Any CPU.Build.0 = Release|Any CPU
		{78EF46AC-9A41-4A71-A830-2169708F11A1}.Debug|Any CPU.ActiveCfg = Debug|Any CPU
		{78EF46AC-9A41-4A71-A830-2169708F11A1}.Debug|Any CPU.Build.0 = Debug|Any CPU
		{78EF46AC-9A41-4A71-A830-2169708F11A1}.Release|Any CPU.ActiveCfg = Release|Any CPU
		{78EF46AC-9A41-4A71-A830-2169708F11A1}.Release|Any CPU.Build.0 = Release|Any CPU
		{61E3533C-7AC3-4335-BD31-5F460A7C21A4}.Debug|Any CPU.ActiveCfg = Debug|Any CPU
		{61E3533C-7AC3-4335-BD31-5F460A7C21A4}.Debug|Any CPU.Build.0 = Debug|Any CPU
		{61E3533C-7AC3-4335-BD31-5F460A7C21A4}.Release|Any CPU.ActiveCfg = Release|Any CPU
		{61E3533C-7AC3-4335-BD31-5F460A7C21A4}.Release|Any CPU.Build.0 = Release|Any CPU
		{7E15FB88-4ABC-47A7-BBAD-9559DD24BB0F}.Debug|Any CPU.ActiveCfg = Debug|Any CPU
		{7E15FB88-4ABC-47A7-BBAD-9559DD24BB0F}.Debug|Any CPU.Build.0 = Debug|Any CPU
		{7E15FB88-4ABC-47A7-BBAD-9559DD24BB0F}.Release|Any CPU.ActiveCfg = Release|Any CPU
		{7E15FB88-4ABC-47A7-BBAD-9559DD24BB0F}.Release|Any CPU.Build.0 = Release|Any CPU
		{F5823677-B0CA-4CBA-924F-D665C3F5690D}.Debug|Any CPU.ActiveCfg = Debug|Any CPU
		{F5823677-B0CA-4CBA-924F-D665C3F5690D}.Debug|Any CPU.Build.0 = Debug|Any CPU
		{F5823677-B0CA-4CBA-924F-D665C3F5690D}.Release|Any CPU.ActiveCfg = Release|Any CPU
		{F5823677-B0CA-4CBA-924F-D665C3F5690D}.Release|Any CPU.Build.0 = Release|Any CPU
	EndGlobalSection
	GlobalSection(SolutionProperties) = preSolution
		HideSolutionNode = FALSE
	EndGlobalSection
	GlobalSection(ExtensibilityGlobals) = postSolution
		SolutionGuid = {FA99AEBC-95D7-4D35-B4ED-1602568C539C}
	EndGlobalSection
EndGlobal
